
Microsoft Visual Studio Solution File, Format Version 12.00
# Visual Studio Version 17
VisualStudioVersion = 17.4.33110.190
MinimumVisualStudioVersion = 10.0.40219.1
Project("{8BC9CEB8-8B4A-11D0-8D11-00A0C91BC942}") = "remove-duplicate-from-array", "remove-duplicate-from-array\remove-duplicate-from-array.vcxproj", "{F352DE8F-C4F5-40A7-82EA-8D18A2984866}"
EndProject
Global
	GlobalSection(SolutionConfigurationPlatforms) = preSolution
		Debug|x64 = Debug|x64
		Debug|x86 = Debug|x86
		Release|x64 = Release|x64
		Release|x86 = Release|x86
	EndGlobalSection
	GlobalSection(ProjectConfigurationPlatforms) = postSolution
		{F352DE8F-C4F5-40A7-82EA-8D18A2984866}.Debug|x64.ActiveCfg = Debug|x64
		{F352DE8F-C4F5-40A7-82EA-8D18A2984866}.Debug|x64.Build.0 = Debug|x64
		{F352DE8F-C4F5-40A7-82EA-8D18A2984866}.Debug|x86.ActiveCfg = Debug|Win32
		{F352DE8F-C4F5-40A7-82EA-8D18A2984866}.Debug|x86.Build.0 = Debug|Win32
		{F352DE8F-C4F5-40A7-82EA-8D18A2984866}.Release|x64.ActiveCfg = Release|x64
		{F352DE8F-C4F5-40A7-82EA-8D18A2984866}.Release|x64.Build.0 = Release|x64
		{F352DE8F-C4F5-40A7-82EA-8D18A2984866}.Release|x86.ActiveCfg = Release|Win32
		{F352DE8F-C4F5-40A7-82EA-8D18A2984866}.Release|x86.Build.0 = Release|Win32
	EndGlobalSection
	GlobalSection(SolutionProperties) = preSolution
		HideSolutionNode = FALSE
	EndGlobalSection
	GlobalSection(ExtensibilityGlobals) = postSolution
		SolutionGuid = {64A42734-944C-468C-B8CA-F8E3B3805279}
	EndGlobalSection
EndGlobal
